// !$*UTF8*$!
{
	archiveVersion = 1;
	classes = {
	};
	objectVersion = 51;
	objects = {

/* Begin PBXBuildFile section */
		059DD3A0257193C500918E0E /* SearchViewController.swift in Sources */ = {isa = PBXBuildFile; fileRef = 059DD39F257193C500918E0E /* SearchViewController.swift */; };
		059DD3B8257414CE00918E0E /* NameSearchController.swift in Sources */ = {isa = PBXBuildFile; fileRef = 059DD3B7257414CE00918E0E /* NameSearchController.swift */; };
		059DD3BB2574283300918E0E /* ToastViewController.swift in Sources */ = {isa = PBXBuildFile; fileRef = 059DD3BA2574283300918E0E /* ToastViewController.swift */; };
		05B215D025701CA700D444C3 /* Constants.swift in Sources */ = {isa = PBXBuildFile; fileRef = 05B215CF25701CA700D444C3 /* Constants.swift */; };
		05B215D325701D4300D444C3 /* Toast.swift in Sources */ = {isa = PBXBuildFile; fileRef = 05B215D225701D4300D444C3 /* Toast.swift */; };
		05B215D625701E9500D444C3 /* GoogleService-Info.plist in Resources */ = {isa = PBXBuildFile; fileRef = 05B215D525701E9500D444C3 /* GoogleService-Info.plist */; };
		05F7A0FA255047970031BE9E /* RoundButton.swift in Sources */ = {isa = PBXBuildFile; fileRef = 05F7A0F9255047970031BE9E /* RoundButton.swift */; };
		05FDCAFF250ED452000A365C /* AppDelegate.swift in Sources */ = {isa = PBXBuildFile; fileRef = 05FDCAFE250ED452000A365C /* AppDelegate.swift */; };
		05FDCB01250ED452000A365C /* SceneDelegate.swift in Sources */ = {isa = PBXBuildFile; fileRef = 05FDCB00250ED452000A365C /* SceneDelegate.swift */; };
		05FDCB03250ED452000A365C /* ViewController.swift in Sources */ = {isa = PBXBuildFile; fileRef = 05FDCB02250ED452000A365C /* ViewController.swift */; };
		05FDCB06250ED452000A365C /* Main.storyboard in Resources */ = {isa = PBXBuildFile; fileRef = 05FDCB04250ED452000A365C /* Main.storyboard */; };
		05FDCB08250ED454000A365C /* Assets.xcassets in Resources */ = {isa = PBXBuildFile; fileRef = 05FDCB07250ED454000A365C /* Assets.xcassets */; };
		05FDCB0B250ED454000A365C /* LaunchScreen.storyboard in Resources */ = {isa = PBXBuildFile; fileRef = 05FDCB09250ED454000A365C /* LaunchScreen.storyboard */; };
		05FDCB17251697C8000A365C /* GuideViewController.swift in Sources */ = {isa = PBXBuildFile; fileRef = 05FDCB16251697C8000A365C /* GuideViewController.swift */; };
		05FDCB19251697D8000A365C /* TamadaViewController.swift in Sources */ = {isa = PBXBuildFile; fileRef = 05FDCB18251697D8000A365C /* TamadaViewController.swift */; };
		2BEA0C7664340ACABE6B3FA4 /* Pods_avada.framework in Frameworks */ = {isa = PBXBuildFile; fileRef = F9AB12FB6AB9C5AC81242884 /* Pods_avada.framework */; };
/* End PBXBuildFile section */

/* Begin PBXFileReference section */
		059DD39F257193C500918E0E /* SearchViewController.swift */ = {isa = PBXFileReference; lastKnownFileType = sourcecode.swift; path = SearchViewController.swift; sourceTree = "<group>"; };
		059DD3B7257414CE00918E0E /* NameSearchController.swift */ = {isa = PBXFileReference; lastKnownFileType = sourcecode.swift; path = NameSearchController.swift; sourceTree = "<group>"; };
		059DD3BA2574283300918E0E /* ToastViewController.swift */ = {isa = PBXFileReference; lastKnownFileType = sourcecode.swift; path = ToastViewController.swift; sourceTree = "<group>"; };
		05B215CF25701CA700D444C3 /* Constants.swift */ = {isa = PBXFileReference; lastKnownFileType = sourcecode.swift; path = Constants.swift; sourceTree = "<group>"; };
		05B215D225701D4300D444C3 /* Toast.swift */ = {isa = PBXFileReference; lastKnownFileType = sourcecode.swift; path = Toast.swift; sourceTree = "<group>"; };
		05B215D525701E9500D444C3 /* GoogleService-Info.plist */ = {isa = PBXFileReference; fileEncoding = 4; lastKnownFileType = text.plist.xml; path = "GoogleService-Info.plist"; sourceTree = "<group>"; };
		05F7A0F9255047970031BE9E /* RoundButton.swift */ = {isa = PBXFileReference; lastKnownFileType = sourcecode.swift; path = RoundButton.swift; sourceTree = "<group>"; };
		05FDCAFB250ED452000A365C /* avada.app */ = {isa = PBXFileReference; explicitFileType = wrapper.application; includeInIndex = 0; path = avada.app; sourceTree = BUILT_PRODUCTS_DIR; };
		05FDCAFE250ED452000A365C /* AppDelegate.swift */ = {isa = PBXFileReference; lastKnownFileType = sourcecode.swift; path = AppDelegate.swift; sourceTree = "<group>"; };
		05FDCB00250ED452000A365C /* SceneDelegate.swift */ = {isa = PBXFileReference; lastKnownFileType = sourcecode.swift; path = SceneDelegate.swift; sourceTree = "<group>"; };
		05FDCB02250ED452000A365C /* ViewController.swift */ = {isa = PBXFileReference; lastKnownFileType = sourcecode.swift; path = ViewController.swift; sourceTree = "<group>"; };
		05FDCB05250ED452000A365C /* Base */ = {isa = PBXFileReference; lastKnownFileType = file.storyboard; name = Base; path = Base.lproj/Main.storyboard; sourceTree = "<group>"; };
		05FDCB07250ED454000A365C /* Assets.xcassets */ = {isa = PBXFileReference; lastKnownFileType = folder.assetcatalog; path = Assets.xcassets; sourceTree = "<group>"; };
		05FDCB0A250ED454000A365C /* Base */ = {isa = PBXFileReference; lastKnownFileType = file.storyboard; name = Base; path = Base.lproj/LaunchScreen.storyboard; sourceTree = "<group>"; };
		05FDCB0C250ED454000A365C /* Info.plist */ = {isa = PBXFileReference; lastKnownFileType = text.plist.xml; path = Info.plist; sourceTree = "<group>"; };
		05FDCB16251697C8000A365C /* GuideViewController.swift */ = {isa = PBXFileReference; lastKnownFileType = sourcecode.swift; path = GuideViewController.swift; sourceTree = "<group>"; };
		05FDCB18251697D8000A365C /* TamadaViewController.swift */ = {isa = PBXFileReference; lastKnownFileType = sourcecode.swift; path = TamadaViewController.swift; sourceTree = "<group>"; };
		27C1BFEB14EADFCE2AFB8F91 /* Pods-avada.debug.xcconfig */ = {isa = PBXFileReference; includeInIndex = 1; lastKnownFileType = text.xcconfig; name = "Pods-avada.debug.xcconfig"; path = "Target Support Files/Pods-avada/Pods-avada.debug.xcconfig"; sourceTree = "<group>"; };
		E480552BAA81BC45724D2377 /* Pods-avada.release.xcconfig */ = {isa = PBXFileReference; includeInIndex = 1; lastKnownFileType = text.xcconfig; name = "Pods-avada.release.xcconfig"; path = "Target Support Files/Pods-avada/Pods-avada.release.xcconfig"; sourceTree = "<group>"; };
		F9AB12FB6AB9C5AC81242884 /* Pods_avada.framework */ = {isa = PBXFileReference; explicitFileType = wrapper.framework; includeInIndex = 0; path = Pods_avada.framework; sourceTree = BUILT_PRODUCTS_DIR; };
/* End PBXFileReference section */

/* Begin PBXFrameworksBuildPhase section */
		05FDCAF8250ED452000A365C /* Frameworks */ = {
			isa = PBXFrameworksBuildPhase;
			buildActionMask = 2147483647;
			files = (
				2BEA0C7664340ACABE6B3FA4 /* Pods_avada.framework in Frameworks */,
			);
			runOnlyForDeploymentPostprocessing = 0;
		};
/* End PBXFrameworksBuildPhase section */

/* Begin PBXGroup section */
		05B215C72567597A00D444C3 /* View */ = {
			isa = PBXGroup;
			children = (
				05FDCB04250ED452000A365C /* Main.storyboard */,
				05FDCB09250ED454000A365C /* LaunchScreen.storyboard */,
			);
			path = View;
			sourceTree = "<group>";
		};
		05B215C925675A7000D444C3 /* Model */ = {
			isa = PBXGroup;
			children = (
				05F7A0F9255047970031BE9E /* RoundButton.swift */,
				05B215D225701D4300D444C3 /* Toast.swift */,
			);
			path = Model;
			sourceTree = "<group>";
		};
		05E85FC8255B523D00E3FE24 /* Controllers */ = {
			isa = PBXGroup;
			children = (
				05FDCB16251697C8000A365C /* GuideViewController.swift */,
				05FDCB02250ED452000A365C /* ViewController.swift */,
				05FDCB18251697D8000A365C /* TamadaViewController.swift */,
				059DD39F257193C500918E0E /* SearchViewController.swift */,
				059DD3B7257414CE00918E0E /* NameSearchController.swift */,
				059DD3BA2574283300918E0E /* ToastViewController.swift */,
			);
			path = Controllers;
			sourceTree = "<group>";
		};
		05FDCAF2250ED452000A365C = {
			isa = PBXGroup;
			children = (
				05FDCAFD250ED452000A365C /* avada */,
				05FDCAFC250ED452000A365C /* Products */,
				97EE72EB4A894FFCB35733D4 /* Pods */,
				8FF4ED1A85C0DA0EC3BA9E4B /* Frameworks */,
			);
			sourceTree = "<group>";
		};
		05FDCAFC250ED452000A365C /* Products */ = {
			isa = PBXGroup;
			children = (
				05FDCAFB250ED452000A365C /* avada.app */,
			);
			name = Products;
			sourceTree = "<group>";
		};
		05FDCAFD250ED452000A365C /* avada */ = {
			isa = PBXGroup;
			children = (
				05B215C925675A7000D444C3 /* Model */,
				05B215C72567597A00D444C3 /* View */,
				05E85FC8255B523D00E3FE24 /* Controllers */,
				05FDCAFE250ED452000A365C /* AppDelegate.swift */,
				05FDCB00250ED452000A365C /* SceneDelegate.swift */,
				05FDCB07250ED454000A365C /* Assets.xcassets */,
				05B215D525701E9500D444C3 /* GoogleService-Info.plist */,
				05FDCB0C250ED454000A365C /* Info.plist */,
				05B215CF25701CA700D444C3 /* Constants.swift */,
			);
			path = avada;
			sourceTree = "<group>";
		};
		8FF4ED1A85C0DA0EC3BA9E4B /* Frameworks */ = {
			isa = PBXGroup;
			children = (
				F9AB12FB6AB9C5AC81242884 /* Pods_avada.framework */,
			);
			name = Frameworks;
			sourceTree = "<group>";
		};
		97EE72EB4A894FFCB35733D4 /* Pods */ = {
			isa = PBXGroup;
			children = (
				27C1BFEB14EADFCE2AFB8F91 /* Pods-avada.debug.xcconfig */,
				E480552BAA81BC45724D2377 /* Pods-avada.release.xcconfig */,
			);
			path = Pods;
			sourceTree = "<group>";
		};
/* End PBXGroup section */

/* Begin PBXNativeTarget section */
		05FDCAFA250ED452000A365C /* avada */ = {
			isa = PBXNativeTarget;
			buildConfigurationList = 05FDCB0F250ED454000A365C /* Build configuration list for PBXNativeTarget "avada" */;
			buildPhases = (
				3F80FF75AAE6DE02E5713909 /* [CP] Check Pods Manifest.lock */,
				05FDCAF7250ED452000A365C /* Sources */,
				05FDCAF8250ED452000A365C /* Frameworks */,
				05FDCAF9250ED452000A365C /* Resources */,
				7B6CA7BAC7D21AA635A23151 /* [CP] Embed Pods Frameworks */,
			);
			buildRules = (
			);
			dependencies = (
			);
			name = avada;
			productName = avada;
			productReference = 05FDCAFB250ED452000A365C /* avada.app */;
			productType = "com.apple.product-type.application";
		};
/* End PBXNativeTarget section */

/* Begin PBXProject section */
		05FDCAF3250ED452000A365C /* Project object */ = {
			isa = PBXProject;
			attributes = {
				LastSwiftUpdateCheck = 1160;
				LastUpgradeCheck = 1160;
				ORGANIZATIONNAME = "Irakli Grigolia";
				TargetAttributes = {
					05FDCAFA250ED452000A365C = {
						CreatedOnToolsVersion = 11.6;
					};
				};
			};
			buildConfigurationList = 05FDCAF6250ED452000A365C /* Build configuration list for PBXProject "avada" */;
			compatibilityVersion = "Xcode 9.3";
			developmentRegion = en;
			hasScannedForEncodings = 0;
			knownRegions = (
				en,
				Base,
			);
			mainGroup = 05FDCAF2250ED452000A365C;
			productRefGroup = 05FDCAFC250ED452000A365C /* Products */;
			projectDirPath = "";
			projectRoot = "";
			targets = (
				05FDCAFA250ED452000A365C /* avada */,
			);
		};
/* End PBXProject section */

/* Begin PBXResourcesBuildPhase section */
		05FDCAF9250ED452000A365C /* Resources */ = {
			isa = PBXResourcesBuildPhase;
			buildActionMask = 2147483647;
			files = (
				05FDCB0B250ED454000A365C /* LaunchScreen.storyboard in Resources */,
				05B215D625701E9500D444C3 /* GoogleService-Info.plist in Resources */,
				05FDCB08250ED454000A365C /* Assets.xcassets in Resources */,
				05FDCB06250ED452000A365C /* Main.storyboard in Resources */,
			);
			runOnlyForDeploymentPostprocessing = 0;
		};
/* End PBXResourcesBuildPhase section */

/* Begin PBXShellScriptBuildPhase section */
		3F80FF75AAE6DE02E5713909 /* [CP] Check Pods Manifest.lock */ = {
			isa = PBXShellScriptBuildPhase;
			buildActionMask = 2147483647;
			files = (
			);
			inputFileListPaths = (
			);
			inputPaths = (
				"${PODS_PODFILE_DIR_PATH}/Podfile.lock",
				"${PODS_ROOT}/Manifest.lock",
			);
			name = "[CP] Check Pods Manifest.lock";
			outputFileListPaths = (
			);
			outputPaths = (
				"$(DERIVED_FILE_DIR)/Pods-avada-checkManifestLockResult.txt",
			);
			runOnlyForDeploymentPostprocessing = 0;
			shellPath = /bin/sh;
			shellScript = "diff \"${PODS_PODFILE_DIR_PATH}/Podfile.lock\" \"${PODS_ROOT}/Manifest.lock\" > /dev/null\nif [ $? != 0 ] ; then\n    # print error to STDERR\n    echo \"error: The sandbox is not in sync with the Podfile.lock. Run 'pod install' or update your CocoaPods installation.\" >&2\n    exit 1\nfi\n# This output is used by Xcode 'outputs' to avoid re-running this script phase.\necho \"SUCCESS\" > \"${SCRIPT_OUTPUT_FILE_0}\"\n";
			showEnvVarsInLog = 0;
		};
		7B6CA7BAC7D21AA635A23151 /* [CP] Embed Pods Frameworks */ = {
			isa = PBXShellScriptBuildPhase;
			buildActionMask = 2147483647;
			files = (
			);
			inputFileListPaths = (
				"${PODS_ROOT}/Target Support Files/Pods-avada/Pods-avada-frameworks-${CONFIGURATION}-input-files.xcfilelist",
			);
			name = "[CP] Embed Pods Frameworks";
			outputFileListPaths = (
				"${PODS_ROOT}/Target Support Files/Pods-avada/Pods-avada-frameworks-${CONFIGURATION}-output-files.xcfilelist",
			);
			runOnlyForDeploymentPostprocessing = 0;
			shellPath = /bin/sh;
			shellScript = "\"${PODS_ROOT}/Target Support Files/Pods-avada/Pods-avada-frameworks.sh\"\n";
			showEnvVarsInLog = 0;
		};
/* End PBXShellScriptBuildPhase section */

/* Begin PBXSourcesBuildPhase section */
		05FDCAF7250ED452000A365C /* Sources */ = {
			isa = PBXSourcesBuildPhase;
			buildActionMask = 2147483647;
			files = (
				059DD3BB2574283300918E0E /* ToastViewController.swift in Sources */,
				05FDCB03250ED452000A365C /* ViewController.swift in Sources */,
				05F7A0FA255047970031BE9E /* RoundButton.swift in Sources */,
				05FDCAFF250ED452000A365C /* AppDelegate.swift in Sources */,
				059DD3A0257193C500918E0E /* SearchViewController.swift in Sources */,
				059DD3B8257414CE00918E0E /* NameSearchController.swift in Sources */,
				05FDCB17251697C8000A365C /* GuideViewController.swift in Sources */,
				05FDCB19251697D8000A365C /* TamadaViewController.swift in Sources */,
				05FDCB01250ED452000A365C /* SceneDelegate.swift in Sources */,
				05B215D325701D4300D444C3 /* Toast.swift in Sources */,
				05B215D025701CA700D444C3 /* Constants.swift in Sources */,
			);
			runOnlyForDeploymentPostprocessing = 0;
		};
/* End PBXSourcesBuildPhase section */

/* Begin PBXVariantGroup section */
		05FDCB04250ED452000A365C /* Main.storyboard */ = {
			isa = PBXVariantGroup;
			children = (
				05FDCB05250ED452000A365C /* Base */,
			);
			name = Main.storyboard;
			sourceTree = "<group>";
		};
		05FDCB09250ED454000A365C /* LaunchScreen.storyboard */ = {
			isa = PBXVariantGroup;
			children = (
				05FDCB0A250ED454000A365C /* Base */,
			);
			name = LaunchScreen.storyboard;
			sourceTree = "<group>";
		};
/* End PBXVariantGroup section */

/* Begin XCBuildConfiguration section */
		05FDCB0D250ED454000A365C /* Debug */ = {
			isa = XCBuildConfiguration;
			buildSettings = {
				ALWAYS_SEARCH_USER_PATHS = NO;
				CLANG_ANALYZER_NONNULL = YES;
				CLANG_ANALYZER_NUMBER_OBJECT_CONVERSION = YES_AGGRESSIVE;
				CLANG_CXX_LANGUAGE_STANDARD = "gnu++14";
				CLANG_CXX_LIBRARY = "libc++";
				CLANG_ENABLE_MODULES = YES;
				CLANG_ENABLE_OBJC_ARC = YES;
				CLANG_ENABLE_OBJC_WEAK = YES;
				CLANG_WARN_BLOCK_CAPTURE_AUTORELEASING = YES;
				CLANG_WARN_BOOL_CONVERSION = YES;
				CLANG_WARN_COMMA = YES;
				CLANG_WARN_CONSTANT_CONVERSION = YES;
				CLANG_WARN_DEPRECATED_OBJC_IMPLEMENTATIONS = YES;
				CLANG_WARN_DIRECT_OBJC_ISA_USAGE = YES_ERROR;
				CLANG_WARN_DOCUMENTATION_COMMENTS = YES;
				CLANG_WARN_EMPTY_BODY = YES;
				CLANG_WARN_ENUM_CONVERSION = YES;
				CLANG_WARN_INFINITE_RECURSION = YES;
				CLANG_WARN_INT_CONVERSION = YES;
				CLANG_WARN_NON_LITERAL_NULL_CONVERSION = YES;
				CLANG_WARN_OBJC_IMPLICIT_RETAIN_SELF = YES;
				CLANG_WARN_OBJC_LITERAL_CONVERSION = YES;
				CLANG_WARN_OBJC_ROOT_CLASS = YES_ERROR;
				CLANG_WARN_RANGE_LOOP_ANALYSIS = YES;
				CLANG_WARN_STRICT_PROTOTYPES = YES;
				CLANG_WARN_SUSPICIOUS_MOVE = YES;
				CLANG_WARN_UNGUARDED_AVAILABILITY = YES_AGGRESSIVE;
				CLANG_WARN_UNREACHABLE_CODE = YES;
				CLANG_WARN__DUPLICATE_METHOD_MATCH = YES;
				COPY_PHASE_STRIP = NO;
				DEBUG_INFORMATION_FORMAT = dwarf;
				ENABLE_STRICT_OBJC_MSGSEND = YES;
				ENABLE_TESTABILITY = YES;
				GCC_C_LANGUAGE_STANDARD = gnu11;
				GCC_DYNAMIC_NO_PIC = NO;
				GCC_NO_COMMON_BLOCKS = YES;
				GCC_OPTIMIZATION_LEVEL = 0;
				GCC_PREPROCESSOR_DEFINITIONS = (
					"DEBUG=1",
					"$(inherited)",
				);
				GCC_WARN_64_TO_32_BIT_CONVERSION = YES;
				GCC_WARN_ABOUT_RETURN_TYPE = YES_ERROR;
				GCC_WARN_UNDECLARED_SELECTOR = YES;
				GCC_WARN_UNINITIALIZED_AUTOS = YES_AGGRESSIVE;
				GCC_WARN_UNUSED_FUNCTION = YES;
				GCC_WARN_UNUSED_VARIABLE = YES;
				IPHONEOS_DEPLOYMENT_TARGET = 13.6;
				MTL_ENABLE_DEBUG_INFO = INCLUDE_SOURCE;
				MTL_FAST_MATH = YES;
				ONLY_ACTIVE_ARCH = YES;
				SDKROOT = iphoneos;
				SWIFT_ACTIVE_COMPILATION_CONDITIONS = DEBUG;
				SWIFT_OPTIMIZATION_LEVEL = "-Onone";
			};
			name = Debug;
		};
		05FDCB0E250ED454000A365C /* Release */ = {
			isa = XCBuildConfiguration;
			buildSettings = {
				ALWAYS_SEARCH_USER_PATHS = NO;
				CLANG_ANALYZER_NONNULL = YES;
				CLANG_ANALYZER_NUMBER_OBJECT_CONVERSION = YES_AGGRESSIVE;
				CLANG_CXX_LANGUAGE_STANDARD = "gnu++14";
				CLANG_CXX_LIBRARY = "libc++";
				CLANG_ENABLE_MODULES = YES;
				CLANG_ENABLE_OBJC_ARC = YES;
				CLANG_ENABLE_OBJC_WEAK = YES;
				CLANG_WARN_BLOCK_CAPTURE_AUTORELEASING = YES;
				CLANG_WARN_BOOL_CONVERSION = YES;
				CLANG_WARN_COMMA = YES;
				CLANG_WARN_CONSTANT_CONVERSION = YES;
				CLANG_WARN_DEPRECATED_OBJC_IMPLEMENTATIONS = YES;
				CLANG_WARN_DIRECT_OBJC_ISA_USAGE = YES_ERROR;
				CLANG_WARN_DOCUMENTATION_COMMENTS = YES;
				CLANG_WARN_EMPTY_BODY = YES;
				CLANG_WARN_ENUM_CONVERSION = YES;
				CLANG_WARN_INFINITE_RECURSION = YES;
				CLANG_WARN_INT_CONVERSION = YES;
				CLANG_WARN_NON_LITERAL_NULL_CONVERSION = YES;
				CLANG_WARN_OBJC_IMPLICIT_RETAIN_SELF = YES;
				CLANG_WARN_OBJC_LITERAL_CONVERSION = YES;
				CLANG_WARN_OBJC_ROOT_CLASS = YES_ERROR;
				CLANG_WARN_RANGE_LOOP_ANALYSIS = YES;
				CLANG_WARN_STRICT_PROTOTYPES = YES;
				CLANG_WARN_SUSPICIOUS_MOVE = YES;
				CLANG_WARN_UNGUARDED_AVAILABILITY = YES_AGGRESSIVE;
				CLANG_WARN_UNREACHABLE_CODE = YES;
				CLANG_WARN__DUPLICATE_METHOD_MATCH = YES;
				COPY_PHASE_STRIP = NO;
				DEBUG_INFORMATION_FORMAT = "dwarf-with-dsym";
				ENABLE_NS_ASSERTIONS = NO;
				ENABLE_STRICT_OBJC_MSGSEND = YES;
				GCC_C_LANGUAGE_STANDARD = gnu11;
				GCC_NO_COMMON_BLOCKS = YES;
				GCC_WARN_64_TO_32_BIT_CONVERSION = YES;
				GCC_WARN_ABOUT_RETURN_TYPE = YES_ERROR;
				GCC_WARN_UNDECLARED_SELECTOR = YES;
				GCC_WARN_UNINITIALIZED_AUTOS = YES_AGGRESSIVE;
				GCC_WARN_UNUSED_FUNCTION = YES;
				GCC_WARN_UNUSED_VARIABLE = YES;
				IPHONEOS_DEPLOYMENT_TARGET = 13.6;
				MTL_ENABLE_DEBUG_INFO = NO;
				MTL_FAST_MATH = YES;
				SDKROOT = iphoneos;
				SWIFT_COMPILATION_MODE = wholemodule;
				SWIFT_OPTIMIZATION_LEVEL = "-O";
				VALIDATE_PRODUCT = YES;
			};
			name = Release;
		};
		05FDCB10250ED454000A365C /* Debug */ = {
			isa = XCBuildConfiguration;
			baseConfigurationReference = 27C1BFEB14EADFCE2AFB8F91 /* Pods-avada.debug.xcconfig */;
			buildSettings = {
				ASSETCATALOG_COMPILER_APPICON_NAME = AppIcon;
				CODE_SIGN_STYLE = Automatic;
				DEVELOPMENT_TEAM = D52VX5574L;
				INFOPLIST_FILE = avada/Info.plist;
				LD_RUNPATH_SEARCH_PATHS = (
					"$(inherited)",
					"@executable_path/Frameworks",
				);
				PRODUCT_BUNDLE_IDENTIFIER = com.tazeey.avada;
				PRODUCT_NAME = "$(TARGET_NAME)";
				SWIFT_VERSION = 5.0;
				TARGETED_DEVICE_FAMILY = "1,2";
			};
			name = Debug;
		};
		05FDCB11250ED454000A365C /* Release */ = {
			isa = XCBuildConfiguration;
			baseConfigurationReference = E480552BAA81BC45724D2377 /* Pods-avada.release.xcconfig */;
			buildSettings = {
				ASSETCATALOG_COMPILER_APPICON_NAME = AppIcon;
				CODE_SIGN_STYLE = Automatic;
				DEVELOPMENT_TEAM = D52VX5574L;
				INFOPLIST_FILE = avada/Info.plist;
				LD_RUNPATH_SEARCH_PATHS = (
					"$(inherited)",
					"@executable_path/Frameworks",
				);
				PRODUCT_BUNDLE_IDENTIFIER = com.tazeey.avada;
				PRODUCT_NAME = "$(TARGET_NAME)";
				SWIFT_VERSION = 5.0;
				TARGETED_DEVICE_FAMILY = "1,2";
			};
			name = Release;
		};
/* End XCBuildConfiguration section */

/* Begin XCConfigurationList section */
		05FDCAF6250ED452000A365C /* Build configuration list for PBXProject "avada" */ = {
			isa = XCConfigurationList;
			buildConfigurations = (
				05FDCB0D250ED454000A365C /* Debug */,
				05FDCB0E250ED454000A365C /* Release */,
			);
			defaultConfigurationIsVisible = 0;
			defaultConfigurationName = Release;
		};
		05FDCB0F250ED454000A365C /* Build configuration list for PBXNativeTarget "avada" */ = {
			isa = XCConfigurationList;
			buildConfigurations = (
				05FDCB10250ED454000A365C /* Debug */,
				05FDCB11250ED454000A365C /* Release */,
			);
			defaultConfigurationIsVisible = 0;
			defaultConfigurationName = Release;
		};
/* End XCConfigurationList section */
	};
	rootObject = 05FDCAF3250ED452000A365C /* Project object */;
}
